// !$*UTF8*$!
{
	archiveVersion = 1;
	classes = {
	};
	objectVersion = 50;
	objects = {

/* Begin PBXBuildFile section */
		CEAF7EC420B3DC7500DBA197 /* AppDelegate.swift in Sources */ = {isa = PBXBuildFile; fileRef = CEAF7EC320B3DC7500DBA197 /* AppDelegate.swift */; };
		CEAF7EC620B3DC7500DBA197 /* ViewController.swift in Sources */ = {isa = PBXBuildFile; fileRef = CEAF7EC520B3DC7500DBA197 /* ViewController.swift */; };
		CEAF7EC920B3DC7500DBA197 /* Main.storyboard in Resources */ = {isa = PBXBuildFile; fileRef = CEAF7EC720B3DC7500DBA197 /* Main.storyboard */; };
		CEAF7ECB20B3DC7800DBA197 /* Assets.xcassets in Resources */ = {isa = PBXBuildFile; fileRef = CEAF7ECA20B3DC7800DBA197 /* Assets.xcassets */; };
		CEAF7ECE20B3DC7800DBA197 /* LaunchScreen.storyboard in Resources */ = {isa = PBXBuildFile; fileRef = CEAF7ECC20B3DC7800DBA197 /* LaunchScreen.storyboard */; };
		CEAF7ED920B3DC7800DBA197 /* ______Tests.swift in Sources */ = {isa = PBXBuildFile; fileRef = CEAF7ED820B3DC7800DBA197 /* ______Tests.swift */; };
		CEAF7EE420B3DC7800DBA197 /* ______UITests.swift in Sources */ = {isa = PBXBuildFile; fileRef = CEAF7EE320B3DC7800DBA197 /* ______UITests.swift */; };
		CEAF7EF220B3F4AF00DBA197 /* PercentViewController.swift in Sources */ = {isa = PBXBuildFile; fileRef = CEAF7EF120B3F4AF00DBA197 /* PercentViewController.swift */; };
		CEAF7EF420B3F9D400DBA197 /* ResultViewController.swift in Sources */ = {isa = PBXBuildFile; fileRef = CEAF7EF320B3F9D400DBA197 /* ResultViewController.swift */; };
/* End PBXBuildFile section */

/* Begin PBXContainerItemProxy section */
		CEAF7ED520B3DC7800DBA197 /* PBXContainerItemProxy */ = {
			isa = PBXContainerItemProxy;
			containerPortal = CEAF7EB820B3DC7400DBA197 /* Project object */;
			proxyType = 1;
			remoteGlobalIDString = CEAF7EBF20B3DC7500DBA197;
			remoteInfo = "でんたく２";
		};
		CEAF7EE020B3DC7800DBA197 /* PBXContainerItemProxy */ = {
			isa = PBXContainerItemProxy;
			containerPortal = CEAF7EB820B3DC7400DBA197 /* Project object */;
			proxyType = 1;
			remoteGlobalIDString = CEAF7EBF20B3DC7500DBA197;
			remoteInfo = "でんたく２";
		};
/* End PBXContainerItemProxy section */

/* Begin PBXFileReference section */
		CEAF7EC020B3DC7500DBA197 /* でんたく２.app */ = {isa = PBXFileReference; explicitFileType = wrapper.application; includeInIndex = 0; path = "でんたく２.app"; sourceTree = BUILT_PRODUCTS_DIR; };
		CEAF7EC320B3DC7500DBA197 /* AppDelegate.swift */ = {isa = PBXFileReference; lastKnownFileType = sourcecode.swift; path = AppDelegate.swift; sourceTree = "<group>"; };
		CEAF7EC520B3DC7500DBA197 /* ViewController.swift */ = {isa = PBXFileReference; lastKnownFileType = sourcecode.swift; path = ViewController.swift; sourceTree = "<group>"; };
		CEAF7EC820B3DC7500DBA197 /* Base */ = {isa = PBXFileReference; lastKnownFileType = file.storyboard; name = Base; path = Base.lproj/Main.storyboard; sourceTree = "<group>"; };
		CEAF7ECA20B3DC7800DBA197 /* Assets.xcassets */ = {isa = PBXFileReference; lastKnownFileType = folder.assetcatalog; path = Assets.xcassets; sourceTree = "<group>"; };
		CEAF7ECD20B3DC7800DBA197 /* Base */ = {isa = PBXFileReference; lastKnownFileType = file.storyboard; name = Base; path = Base.lproj/LaunchScreen.storyboard; sourceTree = "<group>"; };
		CEAF7ECF20B3DC7800DBA197 /* Info.plist */ = {isa = PBXFileReference; lastKnownFileType = text.plist.xml; path = Info.plist; sourceTree = "<group>"; };
		CEAF7ED420B3DC7800DBA197 /* でんたく２Tests.xctest */ = {isa = PBXFileReference; explicitFileType = wrapper.cfbundle; includeInIndex = 0; path = "でんたく２Tests.xctest"; sourceTree = BUILT_PRODUCTS_DIR; };
		CEAF7ED820B3DC7800DBA197 /* ______Tests.swift */ = {isa = PBXFileReference; lastKnownFileType = sourcecode.swift; path = "______Tests.swift"; sourceTree = "<group>"; };
		CEAF7EDA20B3DC7800DBA197 /* Info.plist */ = {isa = PBXFileReference; lastKnownFileType = text.plist.xml; path = Info.plist; sourceTree = "<group>"; };
		CEAF7EDF20B3DC7800DBA197 /* でんたく２UITests.xctest */ = {isa = PBXFileReference; explicitFileType = wrapper.cfbundle; includeInIndex = 0; path = "でんたく２UITests.xctest"; sourceTree = BUILT_PRODUCTS_DIR; };
		CEAF7EE320B3DC7800DBA197 /* ______UITests.swift */ = {isa = PBXFileReference; lastKnownFileType = sourcecode.swift; path = "______UITests.swift"; sourceTree = "<group>"; };
		CEAF7EE520B3DC7800DBA197 /* Info.plist */ = {isa = PBXFileReference; lastKnownFileType = text.plist.xml; path = Info.plist; sourceTree = "<group>"; };
		CEAF7EF120B3F4AF00DBA197 /* PercentViewController.swift */ = {isa = PBXFileReference; lastKnownFileType = sourcecode.swift; path = PercentViewController.swift; sourceTree = "<group>"; };
		CEAF7EF320B3F9D400DBA197 /* ResultViewController.swift */ = {isa = PBXFileReference; lastKnownFileType = sourcecode.swift; path = ResultViewController.swift; sourceTree = "<group>"; };
/* End PBXFileReference section */

/* Begin PBXFrameworksBuildPhase section */
		CEAF7EBD20B3DC7500DBA197 /* Frameworks */ = {
			isa = PBXFrameworksBuildPhase;
			buildActionMask = 2147483647;
			files = (
			);
			runOnlyForDeploymentPostprocessing = 0;
		};
		CEAF7ED120B3DC7800DBA197 /* Frameworks */ = {
			isa = PBXFrameworksBuildPhase;
			buildActionMask = 2147483647;
			files = (
			);
			runOnlyForDeploymentPostprocessing = 0;
		};
		CEAF7EDC20B3DC7800DBA197 /* Frameworks */ = {
			isa = PBXFrameworksBuildPhase;
			buildActionMask = 2147483647;
			files = (
			);
			runOnlyForDeploymentPostprocessing = 0;
		};
/* End PBXFrameworksBuildPhase section */

/* Begin PBXGroup section */
		CEAF7EB720B3DC7400DBA197 = {
			isa = PBXGroup;
			children = (
				CEAF7EC220B3DC7500DBA197 /* でんたく２ */,
				CEAF7ED720B3DC7800DBA197 /* でんたく２Tests */,
				CEAF7EE220B3DC7800DBA197 /* でんたく２UITests */,
				CEAF7EC120B3DC7500DBA197 /* Products */,
			);
			sourceTree = "<group>";
		};
		CEAF7EC120B3DC7500DBA197 /* Products */ = {
			isa = PBXGroup;
			children = (
				CEAF7EC020B3DC7500DBA197 /* でんたく２.app */,
				CEAF7ED420B3DC7800DBA197 /* でんたく２Tests.xctest */,
				CEAF7EDF20B3DC7800DBA197 /* でんたく２UITests.xctest */,
			);
			name = Products;
			sourceTree = "<group>";
		};
		CEAF7EC220B3DC7500DBA197 /* でんたく２ */ = {
			isa = PBXGroup;
			children = (
				CEAF7EC320B3DC7500DBA197 /* AppDelegate.swift */,
				CEAF7EC520B3DC7500DBA197 /* ViewController.swift */,
				CEAF7EC720B3DC7500DBA197 /* Main.storyboard */,
				CEAF7EF320B3F9D400DBA197 /* ResultViewController.swift */,
				CEAF7EF120B3F4AF00DBA197 /* PercentViewController.swift */,
				CEAF7ECA20B3DC7800DBA197 /* Assets.xcassets */,
				CEAF7ECC20B3DC7800DBA197 /* LaunchScreen.storyboard */,
				CEAF7ECF20B3DC7800DBA197 /* Info.plist */,
			);
			path = "でんたく２";
			sourceTree = "<group>";
		};
		CEAF7ED720B3DC7800DBA197 /* でんたく２Tests */ = {
			isa = PBXGroup;
			children = (
				CEAF7ED820B3DC7800DBA197 /* ______Tests.swift */,
				CEAF7EDA20B3DC7800DBA197 /* Info.plist */,
			);
			path = "でんたく２Tests";
			sourceTree = "<group>";
		};
		CEAF7EE220B3DC7800DBA197 /* でんたく２UITests */ = {
			isa = PBXGroup;
			children = (
				CEAF7EE320B3DC7800DBA197 /* ______UITests.swift */,
				CEAF7EE520B3DC7800DBA197 /* Info.plist */,
			);
			path = "でんたく２UITests";
			sourceTree = "<group>";
		};
/* End PBXGroup section */

/* Begin PBXNativeTarget section */
		CEAF7EBF20B3DC7500DBA197 /* でんたく２ */ = {
			isa = PBXNativeTarget;
			buildConfigurationList = CEAF7EE820B3DC7800DBA197 /* Build configuration list for PBXNativeTarget "でんたく２" */;
			buildPhases = (
				CEAF7EBC20B3DC7500DBA197 /* Sources */,
				CEAF7EBD20B3DC7500DBA197 /* Frameworks */,
				CEAF7EBE20B3DC7500DBA197 /* Resources */,
			);
			buildRules = (
			);
			dependencies = (
			);
			name = "でんたく２";
			productName = "でんたく２";
			productReference = CEAF7EC020B3DC7500DBA197 /* でんたく２.app */;
			productType = "com.apple.product-type.application";
		};
		CEAF7ED320B3DC7800DBA197 /* でんたく２Tests */ = {
			isa = PBXNativeTarget;
			buildConfigurationList = CEAF7EEB20B3DC7800DBA197 /* Build configuration list for PBXNativeTarget "でんたく２Tests" */;
			buildPhases = (
				CEAF7ED020B3DC7800DBA197 /* Sources */,
				CEAF7ED120B3DC7800DBA197 /* Frameworks */,
				CEAF7ED220B3DC7800DBA197 /* Resources */,
			);
			buildRules = (
			);
			dependencies = (
				CEAF7ED620B3DC7800DBA197 /* PBXTargetDependency */,
			);
			name = "でんたく２Tests";
			productName = "でんたく２Tests";
			productReference = CEAF7ED420B3DC7800DBA197 /* でんたく２Tests.xctest */;
			productType = "com.apple.product-type.bundle.unit-test";
		};
		CEAF7EDE20B3DC7800DBA197 /* でんたく２UITests */ = {
			isa = PBXNativeTarget;
			buildConfigurationList = CEAF7EEE20B3DC7800DBA197 /* Build configuration list for PBXNativeTarget "でんたく２UITests" */;
			buildPhases = (
				CEAF7EDB20B3DC7800DBA197 /* Sources */,
				CEAF7EDC20B3DC7800DBA197 /* Frameworks */,
				CEAF7EDD20B3DC7800DBA197 /* Resources */,
			);
			buildRules = (
			);
			dependencies = (
				CEAF7EE120B3DC7800DBA197 /* PBXTargetDependency */,
			);
			name = "でんたく２UITests";
			productName = "でんたく２UITests";
			productReference = CEAF7EDF20B3DC7800DBA197 /* でんたく２UITests.xctest */;
			productType = "com.apple.product-type.bundle.ui-testing";
		};
/* End PBXNativeTarget section */

/* Begin PBXProject section */
		CEAF7EB820B3DC7400DBA197 /* Project object */ = {
			isa = PBXProject;
			attributes = {
				LastSwiftUpdateCheck = 0930;
				LastUpgradeCheck = 0930;
				ORGANIZATIONNAME = monchi;
				TargetAttributes = {
					CEAF7EBF20B3DC7500DBA197 = {
						CreatedOnToolsVersion = 9.3.1;
					};
					CEAF7ED320B3DC7800DBA197 = {
						CreatedOnToolsVersion = 9.3.1;
						TestTargetID = CEAF7EBF20B3DC7500DBA197;
					};
					CEAF7EDE20B3DC7800DBA197 = {
						CreatedOnToolsVersion = 9.3.1;
						TestTargetID = CEAF7EBF20B3DC7500DBA197;
					};
				};
			};
			buildConfigurationList = CEAF7EBB20B3DC7400DBA197 /* Build configuration list for PBXProject "でんたく２" */;
			compatibilityVersion = "Xcode 9.3";
			developmentRegion = en;
			hasScannedForEncodings = 0;
			knownRegions = (
				en,
				Base,
			);
			mainGroup = CEAF7EB720B3DC7400DBA197;
			productRefGroup = CEAF7EC120B3DC7500DBA197 /* Products */;
			projectDirPath = "";
			projectRoot = "";
			targets = (
				CEAF7EBF20B3DC7500DBA197 /* でんたく２ */,
				CEAF7ED320B3DC7800DBA197 /* でんたく２Tests */,
				CEAF7EDE20B3DC7800DBA197 /* でんたく２UITests */,
			);
		};
/* End PBXProject section */

/* Begin PBXResourcesBuildPhase section */
		CEAF7EBE20B3DC7500DBA197 /* Resources */ = {
			isa = PBXResourcesBuildPhase;
			buildActionMask = 2147483647;
			files = (
				CEAF7ECE20B3DC7800DBA197 /* LaunchScreen.storyboard in Resources */,
				CEAF7ECB20B3DC7800DBA197 /* Assets.xcassets in Resources */,
				CEAF7EC920B3DC7500DBA197 /* Main.storyboard in Resources */,
			);
			runOnlyForDeploymentPostprocessing = 0;
		};
		CEAF7ED220B3DC7800DBA197 /* Resources */ = {
			isa = PBXResourcesBuildPhase;
			buildActionMask = 2147483647;
			files = (
			);
			runOnlyForDeploymentPostprocessing = 0;
		};
		CEAF7EDD20B3DC7800DBA197 /* Resources */ = {
			isa = PBXResourcesBuildPhase;
			buildActionMask = 2147483647;
			files = (
			);
			runOnlyForDeploymentPostprocessing = 0;
		};
/* End PBXResourcesBuildPhase section */

/* Begin PBXSourcesBuildPhase section */
		CEAF7EBC20B3DC7500DBA197 /* Sources */ = {
			isa = PBXSourcesBuildPhase;
			buildActionMask = 2147483647;
			files = (
				CEAF7EC620B3DC7500DBA197 /* ViewController.swift in Sources */,
				CEAF7EC420B3DC7500DBA197 /* AppDelegate.swift in Sources */,
				CEAF7EF220B3F4AF00DBA197 /* PercentViewController.swift in Sources */,
				CEAF7EF420B3F9D400DBA197 /* ResultViewController.swift in Sources */,
			);
			runOnlyForDeploymentPostprocessing = 0;
		};
		CEAF7ED020B3DC7800DBA197 /* Sources */ = {
			isa = PBXSourcesBuildPhase;
			buildActionMask = 2147483647;
			files = (
				CEAF7ED920B3DC7800DBA197 /* ______Tests.swift in Sources */,
			);
			runOnlyForDeploymentPostprocessing = 0;
		};
		CEAF7EDB20B3DC7800DBA197 /* Sources */ = {
			isa = PBXSourcesBuildPhase;
			buildActionMask = 2147483647;
			files = (
				CEAF7EE420B3DC7800DBA197 /* ______UITests.swift in Sources */,
			);
			runOnlyForDeploymentPostprocessing = 0;
		};
/* End PBXSourcesBuildPhase section */

/* Begin PBXTargetDependency section */
		CEAF7ED620B3DC7800DBA197 /* PBXTargetDependency */ = {
			isa = PBXTargetDependency;
			target = CEAF7EBF20B3DC7500DBA197 /* でんたく２ */;
			targetProxy = CEAF7ED520B3DC7800DBA197 /* PBXContainerItemProxy */;
		};
		CEAF7EE120B3DC7800DBA197 /* PBXTargetDependency */ = {
			isa = PBXTargetDependency;
			target = CEAF7EBF20B3DC7500DBA197 /* でんたく２ */;
			targetProxy = CEAF7EE020B3DC7800DBA197 /* PBXContainerItemProxy */;
		};
/* End PBXTargetDependency section */

/* Begin PBXVariantGroup section */
		CEAF7EC720B3DC7500DBA197 /* Main.storyboard */ = {
			isa = PBXVariantGroup;
			children = (
				CEAF7EC820B3DC7500DBA197 /* Base */,
			);
			name = Main.storyboard;
			sourceTree = "<group>";
		};
		CEAF7ECC20B3DC7800DBA197 /* LaunchScreen.storyboard */ = {
			isa = PBXVariantGroup;
			children = (
				CEAF7ECD20B3DC7800DBA197 /* Base */,
			);
			name = LaunchScreen.storyboard;
			sourceTree = "<group>";
		};
/* End PBXVariantGroup section */

/* Begin XCBuildConfiguration section */
		CEAF7EE620B3DC7800DBA197 /* Debug */ = {
			isa = XCBuildConfiguration;
			buildSettings = {
				ALWAYS_SEARCH_USER_PATHS = NO;
				CLANG_ANALYZER_NONNULL = YES;
				CLANG_ANALYZER_NUMBER_OBJECT_CONVERSION = YES_AGGRESSIVE;
				CLANG_CXX_LANGUAGE_STANDARD = "gnu++14";
				CLANG_CXX_LIBRARY = "libc++";
				CLANG_ENABLE_MODULES = YES;
				CLANG_ENABLE_OBJC_ARC = YES;
				CLANG_ENABLE_OBJC_WEAK = YES;
				CLANG_WARN_BLOCK_CAPTURE_AUTORELEASING = YES;
				CLANG_WARN_BOOL_CONVERSION = YES;
				CLANG_WARN_COMMA = YES;
				CLANG_WARN_CONSTANT_CONVERSION = YES;
				CLANG_WARN_DEPRECATED_OBJC_IMPLEMENTATIONS = YES;
				CLANG_WARN_DIRECT_OBJC_ISA_USAGE = YES_ERROR;
				CLANG_WARN_DOCUMENTATION_COMMENTS = YES;
				CLANG_WARN_EMPTY_BODY = YES;
				CLANG_WARN_ENUM_CONVERSION = YES;
				CLANG_WARN_INFINITE_RECURSION = YES;
				CLANG_WARN_INT_CONVERSION = YES;
				CLANG_WARN_NON_LITERAL_NULL_CONVERSION = YES;
				CLANG_WARN_OBJC_IMPLICIT_RETAIN_SELF = YES;
				CLANG_WARN_OBJC_LITERAL_CONVERSION = YES;
				CLANG_WARN_OBJC_ROOT_CLASS = YES_ERROR;
				CLANG_WARN_RANGE_LOOP_ANALYSIS = YES;
				CLANG_WARN_STRICT_PROTOTYPES = YES;
				CLANG_WARN_SUSPICIOUS_MOVE = YES;
				CLANG_WARN_UNGUARDED_AVAILABILITY = YES_AGGRESSIVE;
				CLANG_WARN_UNREACHABLE_CODE = YES;
				CLANG_WARN__DUPLICATE_METHOD_MATCH = YES;
				CODE_SIGN_IDENTITY = "iPhone Developer";
				COPY_PHASE_STRIP = NO;
				DEBUG_INFORMATION_FORMAT = dwarf;
				ENABLE_STRICT_OBJC_MSGSEND = YES;
				ENABLE_TESTABILITY = YES;
				GCC_C_LANGUAGE_STANDARD = gnu11;
				GCC_DYNAMIC_NO_PIC = NO;
				GCC_NO_COMMON_BLOCKS = YES;
				GCC_OPTIMIZATION_LEVEL = 0;
				GCC_PREPROCESSOR_DEFINITIONS = (
					"DEBUG=1",
					"$(inherited)",
				);
				GCC_WARN_64_TO_32_BIT_CONVERSION = YES;
				GCC_WARN_ABOUT_RETURN_TYPE = YES_ERROR;
				GCC_WARN_UNDECLARED_SELECTOR = YES;
				GCC_WARN_UNINITIALIZED_AUTOS = YES_AGGRESSIVE;
				GCC_WARN_UNUSED_FUNCTION = YES;
				GCC_WARN_UNUSED_VARIABLE = YES;
				IPHONEOS_DEPLOYMENT_TARGET = 11.3;
				MTL_ENABLE_DEBUG_INFO = YES;
				ONLY_ACTIVE_ARCH = YES;
				SDKROOT = iphoneos;
				SWIFT_ACTIVE_COMPILATION_CONDITIONS = DEBUG;
				SWIFT_OPTIMIZATION_LEVEL = "-Onone";
			};
			name = Debug;
		};
		CEAF7EE720B3DC7800DBA197 /* Release */ = {
			isa = XCBuildConfiguration;
			buildSettings = {
				ALWAYS_SEARCH_USER_PATHS = NO;
				CLANG_ANALYZER_NONNULL = YES;
				CLANG_ANALYZER_NUMBER_OBJECT_CONVERSION = YES_AGGRESSIVE;
				CLANG_CXX_LANGUAGE_STANDARD = "gnu++14";
				CLANG_CXX_LIBRARY = "libc++";
				CLANG_ENABLE_MODULES = YES;
				CLANG_ENABLE_OBJC_ARC = YES;
				CLANG_ENABLE_OBJC_WEAK = YES;
				CLANG_WARN_BLOCK_CAPTURE_AUTORELEASING = YES;
				CLANG_WARN_BOOL_CONVERSION = YES;
				CLANG_WARN_COMMA = YES;
				CLANG_WARN_CONSTANT_CONVERSION = YES;
				CLANG_WARN_DEPRECATED_OBJC_IMPLEMENTATIONS = YES;
				CLANG_WARN_DIRECT_OBJC_ISA_USAGE = YES_ERROR;
				CLANG_WARN_DOCUMENTATION_COMMENTS = YES;
				CLANG_WARN_EMPTY_BODY = YES;
				CLANG_WARN_ENUM_CONVERSION = YES;
				CLANG_WARN_INFINITE_RECURSION = YES;
				CLANG_WARN_INT_CONVERSION = YES;
				CLANG_WARN_NON_LITERAL_NULL_CONVERSION = YES;
				CLANG_WARN_OBJC_IMPLICIT_RETAIN_SELF = YES;
				CLANG_WARN_OBJC_LITERAL_CONVERSION = YES;
				CLANG_WARN_OBJC_ROOT_CLASS = YES_ERROR;
				CLANG_WARN_RANGE_LOOP_ANALYSIS = YES;
				CLANG_WARN_STRICT_PROTOTYPES = YES;
				CLANG_WARN_SUSPICIOUS_MOVE = YES;
				CLANG_WARN_UNGUARDED_AVAILABILITY = YES_AGGRESSIVE;
				CLANG_WARN_UNREACHABLE_CODE = YES;
				CLANG_WARN__DUPLICATE_METHOD_MATCH = YES;
				CODE_SIGN_IDENTITY = "iPhone Developer";
				COPY_PHASE_STRIP = NO;
				DEBUG_INFORMATION_FORMAT = "dwarf-with-dsym";
				ENABLE_NS_ASSERTIONS = NO;
				ENABLE_STRICT_OBJC_MSGSEND = YES;
				GCC_C_LANGUAGE_STANDARD = gnu11;
				GCC_NO_COMMON_BLOCKS = YES;
				GCC_WARN_64_TO_32_BIT_CONVERSION = YES;
				GCC_WARN_ABOUT_RETURN_TYPE = YES_ERROR;
				GCC_WARN_UNDECLARED_SELECTOR = YES;
				GCC_WARN_UNINITIALIZED_AUTOS = YES_AGGRESSIVE;
				GCC_WARN_UNUSED_FUNCTION = YES;
				GCC_WARN_UNUSED_VARIABLE = YES;
				IPHONEOS_DEPLOYMENT_TARGET = 11.3;
				MTL_ENABLE_DEBUG_INFO = NO;
				SDKROOT = iphoneos;
				SWIFT_COMPILATION_MODE = wholemodule;
				SWIFT_OPTIMIZATION_LEVEL = "-O";
				VALIDATE_PRODUCT = YES;
			};
			name = Release;
		};
		CEAF7EE920B3DC7800DBA197 /* Debug */ = {
			isa = XCBuildConfiguration;
			buildSettings = {
				ASSETCATALOG_COMPILER_APPICON_NAME = AppIcon;
				CODE_SIGN_STYLE = Automatic;
				INFOPLIST_FILE = "でんたく２/Info.plist";
				LD_RUNPATH_SEARCH_PATHS = (
					"$(inherited)",
					"@executable_path/Frameworks",
				);
				PRODUCT_BUNDLE_IDENTIFIER = "com.mon.------";
				PRODUCT_NAME = "$(TARGET_NAME)";
				SWIFT_VERSION = 4.0;
				TARGETED_DEVICE_FAMILY = "1,2";
			};
			name = Debug;
		};
		CEAF7EEA20B3DC7800DBA197 /* Release */ = {
			isa = XCBuildConfiguration;
			buildSettings = {
				ASSETCATALOG_COMPILER_APPICON_NAME = AppIcon;
				CODE_SIGN_STYLE = Automatic;
				INFOPLIST_FILE = "でんたく２/Info.plist";
				LD_RUNPATH_SEARCH_PATHS = (
					"$(inherited)",
					"@executable_path/Frameworks",
				);
				PRODUCT_BUNDLE_IDENTIFIER = "com.mon.------";
				PRODUCT_NAME = "$(TARGET_NAME)";
				SWIFT_VERSION = 4.0;
				TARGETED_DEVICE_FAMILY = "1,2";
			};
			name = Release;
		};
		CEAF7EEC20B3DC7800DBA197 /* Debug */ = {
			isa = XCBuildConfiguration;
			buildSettings = {
				ALWAYS_EMBED_SWIFT_STANDARD_LIBRARIES = YES;
				BUNDLE_LOADER = "$(TEST_HOST)";
				CODE_SIGN_STYLE = Automatic;
				INFOPLIST_FILE = "でんたく２Tests/Info.plist";
				LD_RUNPATH_SEARCH_PATHS = (
					"$(inherited)",
					"@executable_path/Frameworks",
					"@loader_path/Frameworks",
				);
				PRODUCT_BUNDLE_IDENTIFIER = "com.mon.------Tests";
				PRODUCT_NAME = "$(TARGET_NAME)";
				SWIFT_VERSION = 4.0;
				TARGETED_DEVICE_FAMILY = "1,2";
				TEST_HOST = "$(BUILT_PRODUCTS_DIR)/でんたく２.app/でんたく２";
			};
			name = Debug;
		};
		CEAF7EED20B3DC7800DBA197 /* Release */ = {
			isa = XCBuildConfiguration;
			buildSettings = {
				ALWAYS_EMBED_SWIFT_STANDARD_LIBRARIES = YES;
				BUNDLE_LOADER = "$(TEST_HOST)";
				CODE_SIGN_STYLE = Automatic;
				INFOPLIST_FILE = "でんたく２Tests/Info.plist";
				LD_RUNPATH_SEARCH_PATHS = (
					"$(inherited)",
					"@executable_path/Frameworks",
					"@loader_path/Frameworks",
				);
				PRODUCT_BUNDLE_IDENTIFIER = "com.mon.------Tests";
				PRODUCT_NAME = "$(TARGET_NAME)";
				SWIFT_VERSION = 4.0;
				TARGETED_DEVICE_FAMILY = "1,2";
				TEST_HOST = "$(BUILT_PRODUCTS_DIR)/でんたく２.app/でんたく２";
			};
			name = Release;
		};
		CEAF7EEF20B3DC7800DBA197 /* Debug */ = {
			isa = XCBuildConfiguration;
			buildSettings = {
				ALWAYS_EMBED_SWIFT_STANDARD_LIBRARIES = YES;
				CODE_SIGN_STYLE = Automatic;
				INFOPLIST_FILE = "でんたく２UITests/Info.plist";
				LD_RUNPATH_SEARCH_PATHS = (
					"$(inherited)",
					"@executable_path/Frameworks",
					"@loader_path/Frameworks",
				);
				PRODUCT_BUNDLE_IDENTIFIER = "com.mon.------UITests";
				PRODUCT_NAME = "$(TARGET_NAME)";
				SWIFT_VERSION = 4.0;
				TARGETED_DEVICE_FAMILY = "1,2";
				TEST_TARGET_NAME = "でんたく２";
			};
			name = Debug;
		};
		CEAF7EF020B3DC7800DBA197 /* Release */ = {
			isa = XCBuildConfiguration;
			buildSettings = {
				ALWAYS_EMBED_SWIFT_STANDARD_LIBRARIES = YES;
				CODE_SIGN_STYLE = Automatic;
				INFOPLIST_FILE = "でんたく２UITests/Info.plist";
				LD_RUNPATH_SEARCH_PATHS = (
					"$(inherited)",
					"@executable_path/Frameworks",
					"@loader_path/Frameworks",
				);
				PRODUCT_BUNDLE_IDENTIFIER = "com.mon.------UITests";
				PRODUCT_NAME = "$(TARGET_NAME)";
				SWIFT_VERSION = 4.0;
				TARGETED_DEVICE_FAMILY = "1,2";
				TEST_TARGET_NAME = "でんたく２";
			};
			name = Release;
		};
/* End XCBuildConfiguration section */

/* Begin XCConfigurationList section */
		CEAF7EBB20B3DC7400DBA197 /* Build configuration list for PBXProject "でんたく２" */ = {
			isa = XCConfigurationList;
			buildConfigurations = (
				CEAF7EE620B3DC7800DBA197 /* Debug */,
				CEAF7EE720B3DC7800DBA197 /* Release */,
			);
			defaultConfigurationIsVisible = 0;
			defaultConfigurationName = Release;
		};
		CEAF7EE820B3DC7800DBA197 /* Build configuration list for PBXNativeTarget "でんたく２" */ = {
			isa = XCConfigurationList;
			buildConfigurations = (
				CEAF7EE920B3DC7800DBA197 /* Debug */,
				CEAF7EEA20B3DC7800DBA197 /* Release */,
			);
			defaultConfigurationIsVisible = 0;
			defaultConfigurationName = Release;
		};
		CEAF7EEB20B3DC7800DBA197 /* Build configuration list for PBXNativeTarget "でんたく２Tests" */ = {
			isa = XCConfigurationList;
			buildConfigurations = (
				CEAF7EEC20B3DC7800DBA197 /* Debug */,
				CEAF7EED20B3DC7800DBA197 /* Release */,
			);
			defaultConfigurationIsVisible = 0;
			defaultConfigurationName = Release;
		};
		CEAF7EEE20B3DC7800DBA197 /* Build configuration list for PBXNativeTarget "でんたく２UITests" */ = {
			isa = XCConfigurationList;
			buildConfigurations = (
				CEAF7EEF20B3DC7800DBA197 /* Debug */,
				CEAF7EF020B3DC7800DBA197 /* Release */,
			);
			defaultConfigurationIsVisible = 0;
			defaultConfigurationName = Release;
		};
/* End XCConfigurationList section */
	};
	rootObject = CEAF7EB820B3DC7400DBA197 /* Project object */;
}
